
Microsoft Visual Studio Solution File, Format Version 12.00
# Visual Studio Version 16
VisualStudioVersion = 16.0.30011.22
MinimumVisualStudioVersion = 10.0.40219.1
Project("{FAE04EC0-301F-11D3-BF4B-00C04F79EFBC}") = "WeatherForYou.Android", "WeatherForYou\WeatherForYou.Android\WeatherForYou.Android.csproj", "{22C428F8-4245-43E3-82D2-63B7D3A61DEE}"
EndProject
Project("{9A19103F-16F7-4668-BE54-9A1E7A4F7556}") = "WeatherForYou", "WeatherForYou\WeatherForYou\WeatherForYou.csproj", "{D971B552-BF95-4362-9A3A-E60F3D2822EC}"
EndProject
Global
	GlobalSection(SolutionConfigurationPlatforms) = preSolution
		Debug|Any CPU = Debug|Any CPU
		Release|Any CPU = Release|Any CPU
	EndGlobalSection
	GlobalSection(ProjectConfigurationPlatforms) = postSolution
		{22C428F8-4245-43E3-82D2-63B7D3A61DEE}.Debug|Any CPU.ActiveCfg = Debug|Any CPU
		{22C428F8-4245-43E3-82D2-63B7D3A61DEE}.Debug|Any CPU.Build.0 = Debug|Any CPU
		{22C428F8-4245-43E3-82D2-63B7D3A61DEE}.Debug|Any CPU.Deploy.0 = Debug|Any CPU
		{22C428F8-4245-43E3-82D2-63B7D3A61DEE}.Release|Any CPU.ActiveCfg = Release|Any CPU
		{22C428F8-4245-43E3-82D2-63B7D3A61DEE}.Release|Any CPU.Build.0 = Release|Any CPU
		{22C428F8-4245-43E3-82D2-63B7D3A61DEE}.Release|Any CPU.Deploy.0 = Release|Any CPU
		{D971B552-BF95-4362-9A3A-E60F3D2822EC}.Debug|Any CPU.ActiveCfg = Debug|Any CPU
		{D971B552-BF95-4362-9A3A-E60F3D2822EC}.Debug|Any CPU.Build.0 = Debug|Any CPU
		{D971B552-BF95-4362-9A3A-E60F3D2822EC}.Release|Any CPU.ActiveCfg = Release|Any CPU
		{D971B552-BF95-4362-9A3A-E60F3D2822EC}.Release|Any CPU.Build.0 = Release|Any CPU
	EndGlobalSection
	GlobalSection(SolutionProperties) = preSolution
		HideSolutionNode = FALSE
	EndGlobalSection
	GlobalSection(ExtensibilityGlobals) = postSolution
		SolutionGuid = {2030BBD5-2A3A-4F82-9B34-82B3ACCC27AB}
	EndGlobalSection
EndGlobal
